PackratFormat: 1.4
PackratVersion: 0.4.9.1
RVersion: 3.4.3
Repos: CRAN=http://cran.rstudio.com/

Package: BH
Source: CRAN
Version: 1.65.0-1
Hash: 95f62be4d6916aae14a310a8b56a6475

Package: MatrixModels
Source: CRAN
Version: 0.4-1
Hash: 60a5c75e57aae4a0ce76cb7422939aaf

Package: R6
Source: CRAN
Version: 2.2.2
Hash: b2366cd9d2f3851a5704b4e192b985c2

Package: RColorBrewer
Source: CRAN
Version: 1.1-2
Hash: c0d56cd15034f395874c870141870c25

Package: Rcpp
Source: CRAN
Version: 0.12.16
Hash: 8cc9dc88c11acdcf8a6dec4a0f1500bc

Package: RcppEigen
Source: CRAN
Version: 0.3.3.3.1
Hash: 248cc0d908b64a04d61f9a8b5c665349
Requires: Rcpp

Package: SparseM
Source: CRAN
Version: 1.77
Hash: 08f1f60e1038957030bcd9f4a58d22d8

Package: XML
Source: CRAN
Version: 3.98-1.11
Hash: 93ca736e34d01f5952dc770fbfa5fa62

Package: abind
Source: CRAN
Version: 1.4-5
Hash: 1ceb86ef5ebe776ed4753ab6165eb6d7

Package: assertthat
Source: CRAN
Version: 0.2.0
Hash: e8805df54c65ac96d50235c44a82615c

Package: backports
Source: CRAN
Version: 1.1.2
Hash: 5ae7b3466e529e4400951ca18c137e40

Package: base64enc
Source: CRAN
Version: 0.1-3
Hash: c590d29e555926af053055e23ee79efb

Package: bindr
Source: CRAN
Version: 0.1
Hash: e3a02070cf705d3ad1c5af1635a515a3

Package: bindrcpp
Source: CRAN
Version: 0.2
Hash: 6ef3d65e20b4399fd863f33f494173c3
Requires: Rcpp, bindr, plogr

Package: car
Source: CRAN
Version: 3.0-0
Hash: 1a046ad6ed92eeeec63054d990c83a20
Requires: abind, carData, lme4, maptools, pbkrtest, quantreg, rio

Package: carData
Source: CRAN
Version: 3.0-1
Hash: 00cad119fbdf41ce0753711432ac50f5

Package: cellranger
Source: CRAN
Version: 1.1.0
Hash: 4e1ef4d099b0c5fd531a3938cf4624bd
Requires: rematch, tibble

Package: cli
Source: CRAN
Version: 1.0.0
Hash: f4239f89feb7ddc65821e4514e9734ae
Requires: assertthat, crayon

Package: colorspace
Source: CRAN
Version: 1.3-2
Hash: 0bf8618b585fa98eb23414cd3ab95118

Package: crayon
Source: CRAN
Version: 1.3.4
Hash: ff2840dd9b0d563fc80377a5a45510cd

Package: curl
Source: CRAN
Version: 3.0
Hash: fb0029f1c84bf9b510c4f55cda7103f1

Package: data.table
Source: CRAN
Version: 1.10.4-3
Hash: 3c270a59ca3298aba8df3c1ae3bbea19

Package: dichromat
Source: CRAN
Version: 2.0-0
Hash: 08eed0c80510af29bb15f840ccfe37ce

Package: digest
Source: CRAN
Version: 0.6.15
Hash: 1f202ebd812ac7192be3739245746a13

Package: dplyr
Source: CRAN
Version: 0.7.4
Hash: be1e01fb6a9ba2d1f04ab4102fad8a5d
Requires: BH, R6, Rcpp, assertthat, bindrcpp, glue, magrittr,
    pkgconfig, plogr, rlang, tibble

Package: evaluate
Source: CRAN
Version: 0.10.1
Hash: 54d95f4ec6d0300100413ed0127d89ae
Requires: stringr

Package: forcats
Source: CRAN
Version: 0.2.0
Hash: e5a3b0b96a39f5581467b0c6366f7408
Requires: magrittr, tibble

Package: getopt
Source: CRAN
Version: 1.20.2
Hash: 38b0f8029cbb2339f800ffa5bdd19b59

Package: ggplot2
Source: CRAN
Version: 3.0.0
Hash: 8332448b76ff31472a1bf6dd31fcddb1
Requires: digest, gtable, lazyeval, plyr, reshape2, rlang, scales,
    tibble, viridisLite, withr

Package: glue
Source: CRAN
Version: 1.2.0
Hash: 381e42baedecc633c0e547a0c7ca9de7

Package: gtable
Source: CRAN
Version: 0.2.0
Hash: cd78381a9d3fea966ac39bd0daaf5554

Package: haven
Source: CRAN
Version: 1.1.0
Hash: 20b0452d7b329c254338df4fa25b2e4a
Requires: Rcpp, forcats, hms, readr, tibble

Package: highr
Source: CRAN
Version: 0.6
Hash: aa3d5b7912b5fed4b546ed5cd2a1760b

Package: hms
Source: CRAN
Version: 0.3
Hash: 3fca8a1c97e6cfb297fe3f4690f82c58

Package: htmltools
Source: CRAN
Version: 0.3.6
Hash: 358f767a496785afb8426c3abc8b6471
Requires: Rcpp, digest

Package: jsonlite
Source: CRAN
Version: 1.5
Hash: 9c51936d8dd00b2f1d4fe9d10499694c

Package: knitr
Source: CRAN
Version: 1.20
Hash: 9c6b215d1d02b97586c8232e94533e6a
Requires: evaluate, highr, markdown, stringr, yaml

Package: labeling
Source: CRAN
Version: 0.3
Hash: ecf589b42cd284b03a4beb9665482d3e

Package: lazyeval
Source: CRAN
Version: 0.2.1
Hash: 88926ad9c43581fd0822a37c8ed09f05

Package: lme4
Source: CRAN
Version: 1.1-17
Hash: 4303da5fd1a610aaea9bc4b4da672034
Requires: Rcpp, RcppEigen, minqa, nloptr

Package: magrittr
Source: CRAN
Version: 1.5
Hash: bdc4d48c3135e8f3b399536ddf160df4

Package: maptools
Source: CRAN
Version: 0.9-2
Hash: 2dfbad6ef57f83a91e4e9d4ccc0807cd
Requires: sp

Package: markdown
Source: CRAN
Version: 0.8
Hash: 045d7c594d503b41f1c28946d076c8aa
Requires: mime

Package: mime
Source: CRAN
Version: 0.5
Hash: 463550cf44fb6f0a2359368f42eebe62

Package: minqa
Source: CRAN
Version: 1.2.4
Hash: ccfdf7c20ddf8bff606fe8d4ffccebd6
Requires: Rcpp

Package: munsell
Source: CRAN
Version: 0.4.3
Hash: f96d896947fcaf9b6d0074002e9f4f9d
Requires: colorspace

Package: nloptr
Source: CRAN
Version: 1.0.4
Hash: 8053df240a4635aeb54fc68c6de67709

Package: openxlsx
Source: CRAN
Version: 4.0.17
Hash: f3c28cd5e2149befa16c961e6fce6a1a
Requires: Rcpp

Package: optparse
Source: CRAN
Version: 1.4.4
Hash: 2c2d6dac99ebdc3562acb26901033bb1
Requires: getopt

Package: packrat
Source: CRAN
Version: 0.4.9-1
Hash: e95f4c0ccf3ac830a0a480888c1c965f

Package: pander
Source: CRAN
Version: 0.6.1
Hash: 0057e0b314191aa8e51604da40450268
Requires: Rcpp, digest

Package: pbkrtest
Source: CRAN
Version: 0.4-7
Hash: f195c3a0f527f69c491569c5cbaaf1db
Requires: lme4

Package: pillar
Source: CRAN
Version: 1.1.0
Hash: 576bf712d620ca2b6ca76ca7b6cb5547
Requires: cli, crayon, rlang, utf8

Package: pkgconfig
Source: CRAN
Version: 2.0.1
Hash: 0dda4a2654a22b36a715c2b0b6fbacac

Package: plogr
Source: CRAN
Version: 0.1-1
Hash: fb19215402e2d9f1c7f803dcaa806fc2

Package: plyr
Source: CRAN
Version: 1.8.4
Hash: 2d09eea8a6bcac8e61b6a8728917b877
Requires: Rcpp

Package: purrr
Source: CRAN
Version: 0.2.4
Hash: a80b244ccd3fdb33a0ff2be3c50dd648
Requires: magrittr, rlang, tibble

Package: quantreg
Source: CRAN
Version: 5.35
Hash: 19eba9095f4e5ead2de5a35211bdbb7b
Requires: MatrixModels, SparseM

Package: readr
Source: CRAN
Version: 1.1.1
Hash: 66ffd81e88250d1b37fc890a98c9c9de
Requires: BH, R6, Rcpp, hms, tibble

Package: readxl
Source: CRAN
Version: 1.0.0
Hash: 08538bf64f05452108aff1e6712e2e4f
Requires: Rcpp, cellranger, tibble

Package: rematch
Source: CRAN
Version: 1.0.1
Hash: ad4faf59e7611117ff165817074c50c7

Package: reshape2
Source: CRAN
Version: 1.4.3
Hash: db7226b8ea11d02510f74d6a397959d6
Requires: Rcpp, plyr, stringr

Package: rio
Source: CRAN
Version: 0.5.10
Hash: 98b9636341c1979dd8f0ea93a9922384
Requires: curl, data.table, haven, openxlsx, readxl, tibble

Package: rjson
Source: CRAN
Version: 0.2.15
Hash: def074f38d0cff3b597649ee6f976128

Package: rlang
Source: CRAN
Version: 0.2.0
Hash: 647e2e50a72557d1a770dcd6701e562b

Package: rlist
Source: CRAN
Version: 0.4.6.1
Hash: 549b1d78af0592d937069501b9b0ba0b
Requires: XML, data.table, jsonlite, yaml

Package: rmarkdown
Source: CRAN
Version: 1.9
Hash: ab7f84e6f41ed8d8e8b9a2031cf631f8
Requires: base64enc, evaluate, htmltools, jsonlite, knitr, mime,
    rprojroot, stringr, yaml

Package: rprojroot
Source: CRAN
Version: 1.3-2
Hash: a25c3f70c166fb3fbabc410eb32b6366
Requires: backports

Package: scales
Source: CRAN
Version: 0.5.0
Hash: de72bbfa723acfaa28bb99788a303987
Requires: R6, RColorBrewer, Rcpp, dichromat, labeling, munsell, plyr,
    viridisLite

Package: skimr
Source: CRAN
Version: 1.0.1
Hash: 8d31b1004f59e03dd10dec43ea98f5df
Requires: dplyr, knitr, magrittr, pander, purrr, rlang, stringr,
    tibble, tidyr, tidyselect

Package: sp
Source: CRAN
Version: 1.2-7
Hash: 6faf282e9f36440f7b51a30ed83e7621

Package: stargazer
Source: CRAN
Version: 5.2.1
Hash: 13fb93654b1f1822a3302195c71cbca7

Package: stringi
Source: CRAN
Version: 1.1.7
Hash: d3dbb18da9a7b73a5b59416e33ad2cbd

Package: stringr
Source: CRAN
Version: 1.3.0
Hash: b2801fdc391caef2335dbdb1064836bb
Requires: glue, magrittr, stringi

Package: tibble
Source: CRAN
Version: 1.4.2
Hash: 83895360ce4f8d2ce92eee00526b5b0b
Requires: cli, crayon, pillar, rlang

Package: tidyr
Source: CRAN
Version: 0.8.0
Hash: 99a48e0cc96c0f0d673d4ef47260b089
Requires: Rcpp, dplyr, glue, magrittr, purrr, rlang, stringi, tibble,
    tidyselect

Package: tidyselect
Source: CRAN
Version: 0.2.3
Hash: 345dd170010db85668ce7bd107b148d3
Requires: Rcpp, glue, purrr, rlang

Package: utf8
Source: CRAN
Version: 1.1.3
Hash: a2fe6a996668ee5850b7719f365e831b

Package: viridisLite
Source: CRAN
Version: 0.3.0
Hash: 78bb072c4f9e729a283d4c40ec93f9c6

Package: withr
Source: CRAN
Version: 2.1.2
Hash: d534108bcd5f34ec73e9eb523751ba20

Package: yaml
Source: CRAN
Version: 2.1.18
Hash: 28c7e28c239d7a1d1bd579390bab89bd
